
Microsoft Visual Studio Solution File, Format Version 12.00
# Visual Studio 15
VisualStudioVersion = 15.0.28010.2036
MinimumVisualStudioVersion = 10.0.40219.1
Project("{FAE04EC0-301F-11D3-BF4B-00C04F79EFBC}") = "MySimulation", "MySimulation\MySimulation.csproj", "{EB595537-AA5A-43EF-9031-D1A06F27779F}"
EndProject
Project("{FAE04EC0-301F-11D3-BF4B-00C04F79EFBC}") = "MySimulation.Core", "MySimulation.Core\MySimulation.Core.csproj", "{BECEC752-81B5-408B-A07C-B295EEB700D9}"
EndProject
Global
	GlobalSection(SolutionConfigurationPlatforms) = preSolution
		Debug|Any CPU = Debug|Any CPU
		Release|Any CPU = Release|Any CPU
	EndGlobalSection
	GlobalSection(ProjectConfigurationPlatforms) = postSolution
		{EB595537-AA5A-43EF-9031-D1A06F27779F}.Debug|Any CPU.ActiveCfg = Debug|Any CPU
		{EB595537-AA5A-43EF-9031-D1A06F27779F}.Debug|Any CPU.Build.0 = Debug|Any CPU
		{EB595537-AA5A-43EF-9031-D1A06F27779F}.Release|Any CPU.ActiveCfg = Release|Any CPU
		{EB595537-AA5A-43EF-9031-D1A06F27779F}.Release|Any CPU.Build.0 = Release|Any CPU
		{BECEC752-81B5-408B-A07C-B295EEB700D9}.Debug|Any CPU.ActiveCfg = Debug|Any CPU
		{BECEC752-81B5-408B-A07C-B295EEB700D9}.Debug|Any CPU.Build.0 = Debug|Any CPU
		{BECEC752-81B5-408B-A07C-B295EEB700D9}.Release|Any CPU.ActiveCfg = Release|Any CPU
		{BECEC752-81B5-408B-A07C-B295EEB700D9}.Release|Any CPU.Build.0 = Release|Any CPU
	EndGlobalSection
	GlobalSection(SolutionProperties) = preSolution
		HideSolutionNode = FALSE
	EndGlobalSection
	GlobalSection(ExtensibilityGlobals) = postSolution
		SolutionGuid = {ACE82909-1A96-4684-A076-8AEF368E09E8}
	EndGlobalSection
EndGlobal
